// !$*UTF8*$!
{
	archiveVersion = 1;
	classes = {
	};
	objectVersion = 46;
	objects = {

/* Begin PBXBuildFile section */
		01014EE21D644BB40035131D /* CJWPayUtils.m in Sources */ = {isa = PBXBuildFile; fileRef = 01014EE11D644BB40035131D /* CJWPayUtils.m */; };
		010201C71D6434730079835F /* AppDelegate.swift in Sources */ = {isa = PBXBuildFile; fileRef = 010201C61D6434730079835F /* AppDelegate.swift */; };
		010201C91D6434730079835F /* ViewController.swift in Sources */ = {isa = PBXBuildFile; fileRef = 010201C81D6434730079835F /* ViewController.swift */; };
		010201CC1D6434730079835F /* Main.storyboard in Resources */ = {isa = PBXBuildFile; fileRef = 010201CA1D6434730079835F /* Main.storyboard */; };
		010201CE1D6434730079835F /* Assets.xcassets in Resources */ = {isa = PBXBuildFile; fileRef = 010201CD1D6434730079835F /* Assets.xcassets */; };
		010201D11D6434730079835F /* LaunchScreen.storyboard in Resources */ = {isa = PBXBuildFile; fileRef = 010201CF1D6434730079835F /* LaunchScreen.storyboard */; };
		010201DC1D6434730079835F /* CJWPayUtilsTests.swift in Sources */ = {isa = PBXBuildFile; fileRef = 010201DB1D6434730079835F /* CJWPayUtilsTests.swift */; };
		010201E71D6434820079835F /* Foundation.framework in Frameworks */ = {isa = PBXBuildFile; fileRef = 010201E61D6434820079835F /* Foundation.framework */; };
		010201E91D6434870079835F /* UIKit.framework in Frameworks */ = {isa = PBXBuildFile; fileRef = 010201E81D6434870079835F /* UIKit.framework */; };
		010201EB1D64348C0079835F /* CoreGraphics.framework in Frameworks */ = {isa = PBXBuildFile; fileRef = 010201EA1D64348C0079835F /* CoreGraphics.framework */; };
		010201ED1D6434940079835F /* CoreText.framework in Frameworks */ = {isa = PBXBuildFile; fileRef = 010201EC1D6434940079835F /* CoreText.framework */; };
		010201EF1D64349D0079835F /* QuartzCore.framework in Frameworks */ = {isa = PBXBuildFile; fileRef = 010201EE1D64349D0079835F /* QuartzCore.framework */; };
		010201F11D6434A30079835F /* CoreTelephony.framework in Frameworks */ = {isa = PBXBuildFile; fileRef = 010201F01D6434A30079835F /* CoreTelephony.framework */; };
		010201F31D6434A90079835F /* SystemConfiguration.framework in Frameworks */ = {isa = PBXBuildFile; fileRef = 010201F21D6434A90079835F /* SystemConfiguration.framework */; };
		010201F51D6434B00079835F /* CFNetwork.framework in Frameworks */ = {isa = PBXBuildFile; fileRef = 010201F41D6434B00079835F /* CFNetwork.framework */; };
		010201F71D6434B40079835F /* CoreMotion.framework in Frameworks */ = {isa = PBXBuildFile; fileRef = 010201F61D6434B40079835F /* CoreMotion.framework */; };
		010201F91D6434BC0079835F /* libc++.tbd in Frameworks */ = {isa = PBXBuildFile; fileRef = 010201F81D6434BC0079835F /* libc++.tbd */; };
		010201FB1D6434C00079835F /* libz.tbd in Frameworks */ = {isa = PBXBuildFile; fileRef = 010201FA1D6434C00079835F /* libz.tbd */; };
		010202611D6434E60079835F /* AlipaySDK.bundle in Resources */ = {isa = PBXBuildFile; fileRef = 010201FD1D6434E60079835F /* AlipaySDK.bundle */; };
		010A02D71D65A9B90064BF15 /* CJWPayOrder.m in Sources */ = {isa = PBXBuildFile; fileRef = 010A02D61D65A9B90064BF15 /* CJWPayOrder.m */; };
		010A02DB1D6AA2A30064BF15 /* libWeChatSDK.a in Frameworks */ = {isa = PBXBuildFile; fileRef = 010A02D81D6AA2A30064BF15 /* libWeChatSDK.a */; };
		010A02DD1D6AA2ED0064BF15 /* libsqlite3.0.tbd in Frameworks */ = {isa = PBXBuildFile; fileRef = 010A02DC1D6AA2ED0064BF15 /* libsqlite3.0.tbd */; };
		01662FF41D91316D00F0898F /* AlipaySDK.framework in Frameworks */ = {isa = PBXBuildFile; fileRef = 01662FF11D91316D00F0898F /* AlipaySDK.framework */; };
		01662FFC1D91354200F0898F /* CJWAliOrder.m in Sources */ = {isa = PBXBuildFile; fileRef = 01662FFB1D91354200F0898F /* CJWAliOrder.m */; };
		016630021D9136CF00F0898F /* Order.m in Sources */ = {isa = PBXBuildFile; fileRef = 016630011D9136CF00F0898F /* Order.m */; };
		0171141F1D65677B00FD7E18 /* libcrypto.a in Frameworks */ = {isa = PBXBuildFile; fileRef = 0171141D1D65677B00FD7E18 /* libcrypto.a */; };
		017114201D65677B00FD7E18 /* libssl.a in Frameworks */ = {isa = PBXBuildFile; fileRef = 0171141E1D65677B00FD7E18 /* libssl.a */; };
		01C9207E1DBA0C2400964A77 /* base64.m in Sources */ = {isa = PBXBuildFile; fileRef = 01C9206B1DBA0C2400964A77 /* base64.m */; };
		01C9207F1DBA0C2400964A77 /* DataSigner.m in Sources */ = {isa = PBXBuildFile; fileRef = 01C9206E1DBA0C2400964A77 /* DataSigner.m */; };
		01C920801DBA0C2400964A77 /* DataVerifier.m in Sources */ = {isa = PBXBuildFile; fileRef = 01C920701DBA0C2400964A77 /* DataVerifier.m */; };
		01C920811DBA0C2400964A77 /* MD5DataSigner.m in Sources */ = {isa = PBXBuildFile; fileRef = 01C920721DBA0C2400964A77 /* MD5DataSigner.m */; };
		01C920821DBA0C2400964A77 /* NSDataEx.m in Sources */ = {isa = PBXBuildFile; fileRef = 01C920741DBA0C2400964A77 /* NSDataEx.m */; };
		01C920831DBA0C2400964A77 /* openssl_wrapper.m in Sources */ = {isa = PBXBuildFile; fileRef = 01C920761DBA0C2400964A77 /* openssl_wrapper.m */; };
		01C920841DBA0C2400964A77 /* RSADataSigner.m in Sources */ = {isa = PBXBuildFile; fileRef = 01C920781DBA0C2400964A77 /* RSADataSigner.m */; };
		01C920851DBA0C2400964A77 /* RSADataVerifier.m in Sources */ = {isa = PBXBuildFile; fileRef = 01C9207A1DBA0C2400964A77 /* RSADataVerifier.m */; };
		B9E83400C36975B77B63AB59 /* Pods_CJWPayUtilsTests.framework in Frameworks */ = {isa = PBXBuildFile; fileRef = D59E448CBE3C01ED21872F6C /* Pods_CJWPayUtilsTests.framework */; };
		DEAD3AC426DB0D4FEB751F9B /* Pods_CJWPayUtils.framework in Frameworks */ = {isa = PBXBuildFile; fileRef = 03BF11629830AB15D51545CE /* Pods_CJWPayUtils.framework */; };
/* End PBXBuildFile section */

/* Begin PBXContainerItemProxy section */
		010201D81D6434730079835F /* PBXContainerItemProxy */ = {
			isa = PBXContainerItemProxy;
			containerPortal = 010201BB1D6434730079835F /* Project object */;
			proxyType = 1;
			remoteGlobalIDString = 010201C21D6434730079835F;
			remoteInfo = CJWPayUtils;
		};
/* End PBXContainerItemProxy section */

/* Begin PBXFileReference section */
		01014EE01D644BB40035131D /* CJWPayUtils.h */ = {isa = PBXFileReference; fileEncoding = 4; lastKnownFileType = sourcecode.c.h; path = CJWPayUtils.h; sourceTree = "<group>"; };
		01014EE11D644BB40035131D /* CJWPayUtils.m */ = {isa = PBXFileReference; fileEncoding = 4; lastKnownFileType = sourcecode.c.objc; path = CJWPayUtils.m; sourceTree = "<group>"; };
		010201C31D6434730079835F /* CJWPayUtils.app */ = {isa = PBXFileReference; explicitFileType = wrapper.application; includeInIndex = 0; path = CJWPayUtils.app; sourceTree = BUILT_PRODUCTS_DIR; };
		010201C61D6434730079835F /* AppDelegate.swift */ = {isa = PBXFileReference; lastKnownFileType = sourcecode.swift; path = AppDelegate.swift; sourceTree = "<group>"; };
		010201C81D6434730079835F /* ViewController.swift */ = {isa = PBXFileReference; lastKnownFileType = sourcecode.swift; path = ViewController.swift; sourceTree = "<group>"; };
		010201CB1D6434730079835F /* Base */ = {isa = PBXFileReference; lastKnownFileType = file.storyboard; name = Base; path = Base.lproj/Main.storyboard; sourceTree = "<group>"; };
		010201CD1D6434730079835F /* Assets.xcassets */ = {isa = PBXFileReference; lastKnownFileType = folder.assetcatalog; path = Assets.xcassets; sourceTree = "<group>"; };
		010201D01D6434730079835F /* Base */ = {isa = PBXFileReference; lastKnownFileType = file.storyboard; name = Base; path = Base.lproj/LaunchScreen.storyboard; sourceTree = "<group>"; };
		010201D21D6434730079835F /* Info.plist */ = {isa = PBXFileReference; lastKnownFileType = text.plist.xml; path = Info.plist; sourceTree = "<group>"; };
		010201D71D6434730079835F /* CJWPayUtilsTests.xctest */ = {isa = PBXFileReference; explicitFileType = wrapper.cfbundle; includeInIndex = 0; path = CJWPayUtilsTests.xctest; sourceTree = BUILT_PRODUCTS_DIR; };
		010201DB1D6434730079835F /* CJWPayUtilsTests.swift */ = {isa = PBXFileReference; lastKnownFileType = sourcecode.swift; path = CJWPayUtilsTests.swift; sourceTree = "<group>"; };
		010201DD1D6434730079835F /* Info.plist */ = {isa = PBXFileReference; lastKnownFileType = text.plist.xml; path = Info.plist; sourceTree = "<group>"; };
		010201E61D6434820079835F /* Foundation.framework */ = {isa = PBXFileReference; lastKnownFileType = wrapper.framework; name = Foundation.framework; path = System/Library/Frameworks/Foundation.framework; sourceTree = SDKROOT; };
		010201E81D6434870079835F /* UIKit.framework */ = {isa = PBXFileReference; lastKnownFileType = wrapper.framework; name = UIKit.framework; path = System/Library/Frameworks/UIKit.framework; sourceTree = SDKROOT; };
		010201EA1D64348C0079835F /* CoreGraphics.framework */ = {isa = PBXFileReference; lastKnownFileType = wrapper.framework; name = CoreGraphics.framework; path = System/Library/Frameworks/CoreGraphics.framework; sourceTree = SDKROOT; };
		010201EC1D6434940079835F /* CoreText.framework */ = {isa = PBXFileReference; lastKnownFileType = wrapper.framework; name = CoreText.framework; path = System/Library/Frameworks/CoreText.framework; sourceTree = SDKROOT; };
		010201EE1D64349D0079835F /* QuartzCore.framework */ = {isa = PBXFileReference; lastKnownFileType = wrapper.framework; name = QuartzCore.framework; path = System/Library/Frameworks/QuartzCore.framework; sourceTree = SDKROOT; };
		010201F01D6434A30079835F /* CoreTelephony.framework */ = {isa = PBXFileReference; lastKnownFileType = wrapper.framework; name = CoreTelephony.framework; path = System/Library/Frameworks/CoreTelephony.framework; sourceTree = SDKROOT; };
		010201F21D6434A90079835F /* SystemConfiguration.framework */ = {isa = PBXFileReference; lastKnownFileType = wrapper.framework; name = SystemConfiguration.framework; path = System/Library/Frameworks/SystemConfiguration.framework; sourceTree = SDKROOT; };
		010201F41D6434B00079835F /* CFNetwork.framework */ = {isa = PBXFileReference; lastKnownFileType = wrapper.framework; name = CFNetwork.framework; path = System/Library/Frameworks/CFNetwork.framework; sourceTree = SDKROOT; };
		010201F61D6434B40079835F /* CoreMotion.framework */ = {isa = PBXFileReference; lastKnownFileType = wrapper.framework; name = CoreMotion.framework; path = System/Library/Frameworks/CoreMotion.framework; sourceTree = SDKROOT; };
		010201F81D6434BC0079835F /* libc++.tbd */ = {isa = PBXFileReference; lastKnownFileType = "sourcecode.text-based-dylib-definition"; name = "libc++.tbd"; path = "usr/lib/libc++.tbd"; sourceTree = SDKROOT; };
		010201FA1D6434C00079835F /* libz.tbd */ = {isa = PBXFileReference; lastKnownFileType = "sourcecode.text-based-dylib-definition"; name = libz.tbd; path = usr/lib/libz.tbd; sourceTree = SDKROOT; };
		010201FC1D6434E40079835F /* CJWPayUtils-Bridging-Header.h */ = {isa = PBXFileReference; lastKnownFileType = sourcecode.c.h; path = "CJWPayUtils-Bridging-Header.h"; sourceTree = "<group>"; };
		010201FD1D6434E60079835F /* AlipaySDK.bundle */ = {isa = PBXFileReference; lastKnownFileType = "wrapper.plug-in"; path = AlipaySDK.bundle; sourceTree = "<group>"; };
		010A02D51D65A9B90064BF15 /* CJWPayOrder.h */ = {isa = PBXFileReference; fileEncoding = 4; lastKnownFileType = sourcecode.c.h; path = CJWPayOrder.h; sourceTree = "<group>"; };
		010A02D61D65A9B90064BF15 /* CJWPayOrder.m */ = {isa = PBXFileReference; fileEncoding = 4; lastKnownFileType = sourcecode.c.objc; path = CJWPayOrder.m; sourceTree = "<group>"; };
		010A02D81D6AA2A30064BF15 /* libWeChatSDK.a */ = {isa = PBXFileReference; lastKnownFileType = archive.ar; path = libWeChatSDK.a; sourceTree = "<group>"; };
		010A02D91D6AA2A30064BF15 /* WXApi.h */ = {isa = PBXFileReference; fileEncoding = 4; lastKnownFileType = sourcecode.c.h; path = WXApi.h; sourceTree = "<group>"; };
		010A02DA1D6AA2A30064BF15 /* WXApiObject.h */ = {isa = PBXFileReference; fileEncoding = 4; lastKnownFileType = sourcecode.c.h; path = WXApiObject.h; sourceTree = "<group>"; };
		010A02DC1D6AA2ED0064BF15 /* libsqlite3.0.tbd */ = {isa = PBXFileReference; lastKnownFileType = "sourcecode.text-based-dylib-definition"; name = libsqlite3.0.tbd; path = usr/lib/libsqlite3.0.tbd; sourceTree = SDKROOT; };
		01662FF11D91316D00F0898F /* AlipaySDK.framework */ = {isa = PBXFileReference; lastKnownFileType = wrapper.framework; path = AlipaySDK.framework; sourceTree = "<group>"; };
		01662FFA1D91354200F0898F /* CJWAliOrder.h */ = {isa = PBXFileReference; fileEncoding = 4; lastKnownFileType = sourcecode.c.h; path = CJWAliOrder.h; sourceTree = "<group>"; };
		01662FFB1D91354200F0898F /* CJWAliOrder.m */ = {isa = PBXFileReference; fileEncoding = 4; lastKnownFileType = sourcecode.c.objc; path = CJWAliOrder.m; sourceTree = "<group>"; };
		016630001D9136CF00F0898F /* Order.h */ = {isa = PBXFileReference; fileEncoding = 4; lastKnownFileType = sourcecode.c.h; path = Order.h; sourceTree = "<group>"; };
		016630011D9136CF00F0898F /* Order.m */ = {isa = PBXFileReference; fileEncoding = 4; lastKnownFileType = sourcecode.c.objc; path = Order.m; sourceTree = "<group>"; };
		0171141D1D65677B00FD7E18 /* libcrypto.a */ = {isa = PBXFileReference; lastKnownFileType = archive.ar; path = libcrypto.a; sourceTree = "<group>"; };
		0171141E1D65677B00FD7E18 /* libssl.a */ = {isa = PBXFileReference; lastKnownFileType = archive.ar; path = libssl.a; sourceTree = "<group>"; };
		01C9206A1DBA0C2400964A77 /* base64.h */ = {isa = PBXFileReference; fileEncoding = 4; lastKnownFileType = sourcecode.c.h; path = base64.h; sourceTree = "<group>"; };
		01C9206B1DBA0C2400964A77 /* base64.m */ = {isa = PBXFileReference; fileEncoding = 4; lastKnownFileType = sourcecode.c.objc; path = base64.m; sourceTree = "<group>"; };
		01C9206C1DBA0C2400964A77 /* config.h */ = {isa = PBXFileReference; fileEncoding = 4; lastKnownFileType = sourcecode.c.h; path = config.h; sourceTree = "<group>"; };
		01C9206D1DBA0C2400964A77 /* DataSigner.h */ = {isa = PBXFileReference; fileEncoding = 4; lastKnownFileType = sourcecode.c.h; path = DataSigner.h; sourceTree = "<group>"; };
		01C9206E1DBA0C2400964A77 /* DataSigner.m */ = {isa = PBXFileReference; fileEncoding = 4; lastKnownFileType = sourcecode.c.objc; path = DataSigner.m; sourceTree = "<group>"; };
		01C9206F1DBA0C2400964A77 /* DataVerifier.h */ = {isa = PBXFileReference; fileEncoding = 4; lastKnownFileType = sourcecode.c.h; path = DataVerifier.h; sourceTree = "<group>"; };
		01C920701DBA0C2400964A77 /* DataVerifier.m */ = {isa = PBXFileReference; fileEncoding = 4; lastKnownFileType = sourcecode.c.objc; path = DataVerifier.m; sourceTree = "<group>"; };
		01C920711DBA0C2400964A77 /* MD5DataSigner.h */ = {isa = PBXFileReference; fileEncoding = 4; lastKnownFileType = sourcecode.c.h; path = MD5DataSigner.h; sourceTree = "<group>"; };
		01C920721DBA0C2400964A77 /* MD5DataSigner.m */ = {isa = PBXFileReference; fileEncoding = 4; lastKnownFileType = sourcecode.c.objc; path = MD5DataSigner.m; sourceTree = "<group>"; };
		01C920731DBA0C2400964A77 /* NSDataEx.h */ = {isa = PBXFileReference; fileEncoding = 4; lastKnownFileType = sourcecode.c.h; path = NSDataEx.h; sourceTree = "<group>"; };
		01C920741DBA0C2400964A77 /* NSDataEx.m */ = {isa = PBXFileReference; fileEncoding = 4; lastKnownFileType = sourcecode.c.objc; path = NSDataEx.m; sourceTree = "<group>"; };
		01C920751DBA0C2400964A77 /* openssl_wrapper.h */ = {isa = PBXFileReference; fileEncoding = 4; lastKnownFileType = sourcecode.c.h; path = openssl_wrapper.h; sourceTree = "<group>"; };
		01C920761DBA0C2400964A77 /* openssl_wrapper.m */ = {isa = PBXFileReference; fileEncoding = 4; lastKnownFileType = sourcecode.c.objc; path = openssl_wrapper.m; sourceTree = "<group>"; };
		01C920771DBA0C2400964A77 /* RSADataSigner.h */ = {isa = PBXFileReference; fileEncoding = 4; lastKnownFileType = sourcecode.c.h; path = RSADataSigner.h; sourceTree = "<group>"; };
		01C920781DBA0C2400964A77 /* RSADataSigner.m */ = {isa = PBXFileReference; fileEncoding = 4; lastKnownFileType = sourcecode.c.objc; path = RSADataSigner.m; sourceTree = "<group>"; };
		01C920791DBA0C2400964A77 /* RSADataVerifier.h */ = {isa = PBXFileReference; fileEncoding = 4; lastKnownFileType = sourcecode.c.h; path = RSADataVerifier.h; sourceTree = "<group>"; };
		01C9207A1DBA0C2400964A77 /* RSADataVerifier.m */ = {isa = PBXFileReference; fileEncoding = 4; lastKnownFileType = sourcecode.c.objc; path = RSADataVerifier.m; sourceTree = "<group>"; };
		01C9207B1DBA0C2400964A77 /* UPPayPlugin.h */ = {isa = PBXFileReference; fileEncoding = 4; lastKnownFileType = sourcecode.c.h; path = UPPayPlugin.h; sourceTree = "<group>"; };
		01C9207C1DBA0C2400964A77 /* UPPayPluginDelegate.h */ = {isa = PBXFileReference; fileEncoding = 4; lastKnownFileType = sourcecode.c.h; path = UPPayPluginDelegate.h; sourceTree = "<group>"; };
		01C9207D1DBA0C2400964A77 /* UPPayPluginPro.h */ = {isa = PBXFileReference; fileEncoding = 4; lastKnownFileType = sourcecode.c.h; path = UPPayPluginPro.h; sourceTree = "<group>"; };
		01C920D31DBA0D6900964A77 /* aes.h */ = {isa = PBXFileReference; fileEncoding = 4; lastKnownFileType = sourcecode.c.h; path = aes.h; sourceTree = "<group>"; };
		01C920D41DBA0D6900964A77 /* asn1.h */ = {isa = PBXFileReference; fileEncoding = 4; lastKnownFileType = sourcecode.c.h; path = asn1.h; sourceTree = "<group>"; };
		01C920D51DBA0D6900964A77 /* asn1_mac.h */ = {isa = PBXFileReference; fileEncoding = 4; lastKnownFileType = sourcecode.c.h; path = asn1_mac.h; sourceTree = "<group>"; };
		01C920D61DBA0D6900964A77 /* asn1t.h */ = {isa = PBXFileReference; fileEncoding = 4; lastKnownFileType = sourcecode.c.h; path = asn1t.h; sourceTree = "<group>"; };
		01C920D71DBA0D6900964A77 /* bio.h */ = {isa = PBXFileReference; fileEncoding = 4; lastKnownFileType = sourcecode.c.h; path = bio.h; sourceTree = "<group>"; };
		01C920D81DBA0D6900964A77 /* blowfish.h */ = {isa = PBXFileReference; fileEncoding = 4; lastKnownFileType = sourcecode.c.h; path = blowfish.h; sourceTree = "<group>"; };
		01C920D91DBA0D6900964A77 /* bn.h */ = {isa = PBXFileReference; fileEncoding = 4; lastKnownFileType = sourcecode.c.h; path = bn.h; sourceTree = "<group>"; };
		01C920DA1DBA0D6900964A77 /* buffer.h */ = {isa = PBXFileReference; fileEncoding = 4; lastKnownFileType = sourcecode.c.h; path = buffer.h; sourceTree = "<group>"; };
		01C920DB1DBA0D6900964A77 /* camellia.h */ = {isa = PBXFileReference; fileEncoding = 4; lastKnownFileType = sourcecode.c.h; path = camellia.h; sourceTree = "<group>"; };
		01C920DC1DBA0D6900964A77 /* cast.h */ = {isa = PBXFileReference; fileEncoding = 4; lastKnownFileType = sourcecode.c.h; path = cast.h; sourceTree = "<group>"; };
		01C920DD1DBA0D6900964A77 /* cmac.h */ = {isa = PBXFileReference; fileEncoding = 4; lastKnownFileType = sourcecode.c.h; path = cmac.h; sourceTree = "<group>"; };
		01C920DE1DBA0D6900964A77 /* cms.h */ = {isa = PBXFileReference; fileEncoding = 4; lastKnownFileType = sourcecode.c.h; path = cms.h; sourceTree = "<group>"; };
		01C920DF1DBA0D6900964A77 /* comp.h */ = {isa = PBXFileReference; fileEncoding = 4; lastKnownFileType = sourcecode.c.h; path = comp.h; sourceTree = "<group>"; };
		01C920E01DBA0D6900964A77 /* conf.h */ = {isa = PBXFileReference; fileEncoding = 4; lastKnownFileType = sourcecode.c.h; path = conf.h; sourceTree = "<group>"; };
		01C920E11DBA0D6900964A77 /* conf_api.h */ = {isa = PBXFileReference; fileEncoding = 4; lastKnownFileType = sourcecode.c.h; path = conf_api.h; sourceTree = "<group>"; };
		01C920E21DBA0D6900964A77 /* crypto.h */ = {isa = PBXFileReference; fileEncoding = 4; lastKnownFileType = sourcecode.c.h; path = crypto.h; sourceTree = "<group>"; };
		01C920E31DBA0D6900964A77 /* des.h */ = {isa = PBXFileReference; fileEncoding = 4; lastKnownFileType = sourcecode.c.h; path = des.h; sourceTree = "<group>"; };
		01C920E41DBA0D6900964A77 /* des_old.h */ = {isa = PBXFileReference; fileEncoding = 4; lastKnownFileType = sourcecode.c.h; path = des_old.h; sourceTree = "<group>"; };
		01C920E51DBA0D6900964A77 /* dh.h */ = {isa = PBXFileReference; fileEncoding = 4; lastKnownFileType = sourcecode.c.h; path = dh.h; sourceTree = "<group>"; };
		01C920E61DBA0D6900964A77 /* dsa.h */ = {isa = PBXFileReference; fileEncoding = 4; lastKnownFileType = sourcecode.c.h; path = dsa.h; sourceTree = "<group>"; };
		01C920E71DBA0D6900964A77 /* dso.h */ = {isa = PBXFileReference; fileEncoding = 4; lastKnownFileType = sourcecode.c.h; path = dso.h; sourceTree = "<group>"; };
		01C920E81DBA0D6900964A77 /* dtls1.h */ = {isa = PBXFileReference; fileEncoding = 4; lastKnownFileType = sourcecode.c.h; path = dtls1.h; sourceTree = "<group>"; };
		01C920E91DBA0D6900964A77 /* e_os2.h */ = {isa = PBXFileReference; fileEncoding = 4; lastKnownFileType = sourcecode.c.h; path = e_os2.h; sourceTree = "<group>"; };
		01C920EA1DBA0D6900964A77 /* ebcdic.h */ = {isa = PBXFileReference; fileEncoding = 4; lastKnownFileType = sourcecode.c.h; path = ebcdic.h; sourceTree = "<group>"; };
		01C920EB1DBA0D6900964A77 /* ec.h */ = {isa = PBXFileReference; fileEncoding = 4; lastKnownFileType = sourcecode.c.h; path = ec.h; sourceTree = "<group>"; };
		01C920EC1DBA0D6900964A77 /* ecdh.h */ = {isa = PBXFileReference; fileEncoding = 4; lastKnownFileType = sourcecode.c.h; path = ecdh.h; sourceTree = "<group>"; };
		01C920ED1DBA0D6900964A77 /* ecdsa.h */ = {isa = PBXFileReference; fileEncoding = 4; lastKnownFileType = sourcecode.c.h; path = ecdsa.h; sourceTree = "<group>"; };
		01C920EE1DBA0D6900964A77 /* engine.h */ = {isa = PBXFileReference; fileEncoding = 4; lastKnownFileType = sourcecode.c.h; path = engine.h; sourceTree = "<group>"; };
		01C920EF1DBA0D6900964A77 /* err.h */ = {isa = PBXFileReference; fileEncoding = 4; lastKnownFileType = sourcecode.c.h; path = err.h; sourceTree = "<group>"; };
		01C920F01DBA0D6900964A77 /* evp.h */ = {isa = PBXFileReference; fileEncoding = 4; lastKnownFileType = sourcecode.c.h; path = evp.h; sourceTree = "<group>"; };
		01C920F11DBA0D6900964A77 /* hmac.h */ = {isa = PBXFileReference; fileEncoding = 4; lastKnownFileType = sourcecode.c.h; path = hmac.h; sourceTree = "<group>"; };
		01C920F21DBA0D6900964A77 /* idea.h */ = {isa = PBXFileReference; fileEncoding = 4; lastKnownFileType = sourcecode.c.h; path = idea.h; sourceTree = "<group>"; };
		01C920F31DBA0D6900964A77 /* krb5_asn.h */ = {isa = PBXFileReference; fileEncoding = 4; lastKnownFileType = sourcecode.c.h; path = krb5_asn.h; sourceTree = "<group>"; };
		01C920F41DBA0D6900964A77 /* kssl.h */ = {isa = PBXFileReference; fileEncoding = 4; lastKnownFileType = sourcecode.c.h; path = kssl.h; sourceTree = "<group>"; };
		01C920F51DBA0D6900964A77 /* lhash.h */ = {isa = PBXFileReference; fileEncoding = 4; lastKnownFileType = sourcecode.c.h; path = lhash.h; sourceTree = "<group>"; };
		01C920F61DBA0D6900964A77 /* md4.h */ = {isa = PBXFileReference; fileEncoding = 4; lastKnownFileType = sourcecode.c.h; path = md4.h; sourceTree = "<group>"; };
		01C920F71DBA0D6900964A77 /* md5.h */ = {isa = PBXFileReference; fileEncoding = 4; lastKnownFileType = sourcecode.c.h; path = md5.h; sourceTree = "<group>"; };
		01C920F81DBA0D6900964A77 /* mdc2.h */ = {isa = PBXFileReference; fileEncoding = 4; lastKnownFileType = sourcecode.c.h; path = mdc2.h; sourceTree = "<group>"; };
		01C920F91DBA0D6900964A77 /* modes.h */ = {isa = PBXFileReference; fileEncoding = 4; lastKnownFileType = sourcecode.c.h; path = modes.h; sourceTree = "<group>"; };
		01C920FA1DBA0D6900964A77 /* obj_mac.h */ = {isa = PBXFileReference; fileEncoding = 4; lastKnownFileType = sourcecode.c.h; path = obj_mac.h; sourceTree = "<group>"; };
		01C920FB1DBA0D6900964A77 /* objects.h */ = {isa = PBXFileReference; fileEncoding = 4; lastKnownFileType = sourcecode.c.h; path = objects.h; sourceTree = "<group>"; };
		01C920FC1DBA0D6900964A77 /* ocsp.h */ = {isa = PBXFileReference; fileEncoding = 4; lastKnownFileType = sourcecode.c.h; path = ocsp.h; sourceTree = "<group>"; };
		01C920FD1DBA0D6900964A77 /* opensslconf.h */ = {isa = PBXFileReference; fileEncoding = 4; lastKnownFileType = sourcecode.c.h; path = opensslconf.h; sourceTree = "<group>"; };
		01C920FE1DBA0D6900964A77 /* opensslv.h */ = {isa = PBXFileReference; fileEncoding = 4; lastKnownFileType = sourcecode.c.h; path = opensslv.h; sourceTree = "<group>"; };
		01C920FF1DBA0D6900964A77 /* ossl_typ.h */ = {isa = PBXFileReference; fileEncoding = 4; lastKnownFileType = sourcecode.c.h; path = ossl_typ.h; sourceTree = "<group>"; };
		01C921001DBA0D6900964A77 /* pem.h */ = {isa = PBXFileReference; fileEncoding = 4; lastKnownFileType = sourcecode.c.h; path = pem.h; sourceTree = "<group>"; };
		01C921011DBA0D6900964A77 /* pem2.h */ = {isa = PBXFileReference; fileEncoding = 4; lastKnownFileType = sourcecode.c.h; path = pem2.h; sourceTree = "<group>"; };
		01C921021DBA0D6900964A77 /* pkcs12.h */ = {isa = PBXFileReference; fileEncoding = 4; lastKnownFileType = sourcecode.c.h; path = pkcs12.h; sourceTree = "<group>"; };
		01C921031DBA0D6900964A77 /* pkcs7.h */ = {isa = PBXFileReference; fileEncoding = 4; lastKnownFileType = sourcecode.c.h; path = pkcs7.h; sourceTree = "<group>"; };
		01C921041DBA0D6900964A77 /* pqueue.h */ = {isa = PBXFileReference; fileEncoding = 4; lastKnownFileType = sourcecode.c.h; path = pqueue.h; sourceTree = "<group>"; };
		01C921051DBA0D6900964A77 /* rand.h */ = {isa = PBXFileReference; fileEncoding = 4; lastKnownFileType = sourcecode.c.h; path = rand.h; sourceTree = "<group>"; };
		01C921061DBA0D6900964A77 /* rc2.h */ = {isa = PBXFileReference; fileEncoding = 4; lastKnownFileType = sourcecode.c.h; path = rc2.h; sourceTree = "<group>"; };
		01C921071DBA0D6900964A77 /* rc4.h */ = {isa = PBXFileReference; fileEncoding = 4; lastKnownFileType = sourcecode.c.h; path = rc4.h; sourceTree = "<group>"; };
		01C921081DBA0D6900964A77 /* ripemd.h */ = {isa = PBXFileReference; fileEncoding = 4; lastKnownFileType = sourcecode.c.h; path = ripemd.h; sourceTree = "<group>"; };
		01C921091DBA0D6900964A77 /* rsa.h */ = {isa = PBXFileReference; fileEncoding = 4; lastKnownFileType = sourcecode.c.h; path = rsa.h; sourceTree = "<group>"; };
		01C9210A1DBA0D6900964A77 /* safestack.h */ = {isa = PBXFileReference; fileEncoding = 4; lastKnownFileType = sourcecode.c.h; path = safestack.h; sourceTree = "<group>"; };
		01C9210B1DBA0D6900964A77 /* seed.h */ = {isa = PBXFileReference; fileEncoding = 4; lastKnownFileType = sourcecode.c.h; path = seed.h; sourceTree = "<group>"; };
		01C9210C1DBA0D6900964A77 /* sha.h */ = {isa = PBXFileReference; fileEncoding = 4; lastKnownFileType = sourcecode.c.h; path = sha.h; sourceTree = "<group>"; };
		01C9210D1DBA0D6900964A77 /* srp.h */ = {isa = PBXFileReference; fileEncoding = 4; lastKnownFileType = sourcecode.c.h; path = srp.h; sourceTree = "<group>"; };
		01C9210E1DBA0D6900964A77 /* srtp.h */ = {isa = PBXFileReference; fileEncoding = 4; lastKnownFileType = sourcecode.c.h; path = srtp.h; sourceTree = "<group>"; };
		01C9210F1DBA0D6900964A77 /* ssl.h */ = {isa = PBXFileReference; fileEncoding = 4; lastKnownFileType = sourcecode.c.h; path = ssl.h; sourceTree = "<group>"; };
		01C921101DBA0D6900964A77 /* ssl2.h */ = {isa = PBXFileReference; fileEncoding = 4; lastKnownFileType = sourcecode.c.h; path = ssl2.h; sourceTree = "<group>"; };
		01C921111DBA0D6900964A77 /* ssl23.h */ = {isa = PBXFileReference; fileEncoding = 4; lastKnownFileType = sourcecode.c.h; path = ssl23.h; sourceTree = "<group>"; };
		01C921121DBA0D6900964A77 /* ssl3.h */ = {isa = PBXFileReference; fileEncoding = 4; lastKnownFileType = sourcecode.c.h; path = ssl3.h; sourceTree = "<group>"; };
		01C921131DBA0D6900964A77 /* stack.h */ = {isa = PBXFileReference; fileEncoding = 4; lastKnownFileType = sourcecode.c.h; path = stack.h; sourceTree = "<group>"; };
		01C921141DBA0D6900964A77 /* symhacks.h */ = {isa = PBXFileReference; fileEncoding = 4; lastKnownFileType = sourcecode.c.h; path = symhacks.h; sourceTree = "<group>"; };
		01C921151DBA0D6900964A77 /* tls1.h */ = {isa = PBXFileReference; fileEncoding = 4; lastKnownFileType = sourcecode.c.h; path = tls1.h; sourceTree = "<group>"; };
		01C921161DBA0D6900964A77 /* ts.h */ = {isa = PBXFileReference; fileEncoding = 4; lastKnownFileType = sourcecode.c.h; path = ts.h; sourceTree = "<group>"; };
		01C921171DBA0D6900964A77 /* txt_db.h */ = {isa = PBXFileReference; fileEncoding = 4; lastKnownFileType = sourcecode.c.h; path = txt_db.h; sourceTree = "<group>"; };
		01C921181DBA0D6900964A77 /* ui.h */ = {isa = PBXFileReference; fileEncoding = 4; lastKnownFileType = sourcecode.c.h; path = ui.h; sourceTree = "<group>"; };
		01C921191DBA0D6900964A77 /* ui_compat.h */ = {isa = PBXFileReference; fileEncoding = 4; lastKnownFileType = sourcecode.c.h; path = ui_compat.h; sourceTree = "<group>"; };
		01C9211A1DBA0D6900964A77 /* whrlpool.h */ = {isa = PBXFileReference; fileEncoding = 4; lastKnownFileType = sourcecode.c.h; path = whrlpool.h; sourceTree = "<group>"; };
		01C9211B1DBA0D6900964A77 /* x509.h */ = {isa = PBXFileReference; fileEncoding = 4; lastKnownFileType = sourcecode.c.h; path = x509.h; sourceTree = "<group>"; };
		01C9211C1DBA0D6900964A77 /* x509_vfy.h */ = {isa = PBXFileReference; fileEncoding = 4; lastKnownFileType = sourcecode.c.h; path = x509_vfy.h; sourceTree = "<group>"; };
		01C9211D1DBA0D6900964A77 /* x509v3.h */ = {isa = PBXFileReference; fileEncoding = 4; lastKnownFileType = sourcecode.c.h; path = x509v3.h; sourceTree = "<group>"; };
		03BF11629830AB15D51545CE /* Pods_CJWPayUtils.framework */ = {isa = PBXFileReference; explicitFileType = wrapper.framework; includeInIndex = 0; path = Pods_CJWPayUtils.framework; sourceTree = BUILT_PRODUCTS_DIR; };
		41856ACADE2B67511BC10CA0 /* Pods-CJWPayUtilsTests.release.xcconfig */ = {isa = PBXFileReference; includeInIndex = 1; lastKnownFileType = text.xcconfig; name = "Pods-CJWPayUtilsTests.release.xcconfig"; path = "Pods/Target Support Files/Pods-CJWPayUtilsTests/Pods-CJWPayUtilsTests.release.xcconfig"; sourceTree = "<group>"; };
		B200F2DDAF4D593DD0463746 /* Pods-CJWPayUtils.release.xcconfig */ = {isa = PBXFileReference; includeInIndex = 1; lastKnownFileType = text.xcconfig; name = "Pods-CJWPayUtils.release.xcconfig"; path = "Pods/Target Support Files/Pods-CJWPayUtils/Pods-CJWPayUtils.release.xcconfig"; sourceTree = "<group>"; };
		D435251FAD7FB48C0F50C009 /* Pods-CJWPayUtilsTests.debug.xcconfig */ = {isa = PBXFileReference; includeInIndex = 1; lastKnownFileType = text.xcconfig; name = "Pods-CJWPayUtilsTests.debug.xcconfig"; path = "Pods/Target Support Files/Pods-CJWPayUtilsTests/Pods-CJWPayUtilsTests.debug.xcconfig"; sourceTree = "<group>"; };
		D59E448CBE3C01ED21872F6C /* Pods_CJWPayUtilsTests.framework */ = {isa = PBXFileReference; explicitFileType = wrapper.framework; includeInIndex = 0; path = Pods_CJWPayUtilsTests.framework; sourceTree = BUILT_PRODUCTS_DIR; };
		E62EFAC1E0C07B63EECA6A9B /* Pods-CJWPayUtils.debug.xcconfig */ = {isa = PBXFileReference; includeInIndex = 1; lastKnownFileType = text.xcconfig; name = "Pods-CJWPayUtils.debug.xcconfig"; path = "Pods/Target Support Files/Pods-CJWPayUtils/Pods-CJWPayUtils.debug.xcconfig"; sourceTree = "<group>"; };
/* End PBXFileReference section */

/* Begin PBXFrameworksBuildPhase section */
		010201C01D6434730079835F /* Frameworks */ = {
			isa = PBXFrameworksBuildPhase;
			buildActionMask = 2147483647;
			files = (
				010A02DD1D6AA2ED0064BF15 /* libsqlite3.0.tbd in Frameworks */,
				010201FB1D6434C00079835F /* libz.tbd in Frameworks */,
				01662FF41D91316D00F0898F /* AlipaySDK.framework in Frameworks */,
				010201F91D6434BC0079835F /* libc++.tbd in Frameworks */,
				010A02DB1D6AA2A30064BF15 /* libWeChatSDK.a in Frameworks */,
				010201F71D6434B40079835F /* CoreMotion.framework in Frameworks */,
				010201F51D6434B00079835F /* CFNetwork.framework in Frameworks */,
				010201F31D6434A90079835F /* SystemConfiguration.framework in Frameworks */,
				017114201D65677B00FD7E18 /* libssl.a in Frameworks */,
				0171141F1D65677B00FD7E18 /* libcrypto.a in Frameworks */,
				010201F11D6434A30079835F /* CoreTelephony.framework in Frameworks */,
				010201EF1D64349D0079835F /* QuartzCore.framework in Frameworks */,
				010201ED1D6434940079835F /* CoreText.framework in Frameworks */,
				010201EB1D64348C0079835F /* CoreGraphics.framework in Frameworks */,
				010201E91D6434870079835F /* UIKit.framework in Frameworks */,
				010201E71D6434820079835F /* Foundation.framework in Frameworks */,
				DEAD3AC426DB0D4FEB751F9B /* Pods_CJWPayUtils.framework in Frameworks */,
			);
			runOnlyForDeploymentPostprocessing = 0;
		};
		010201D41D6434730079835F /* Frameworks */ = {
			isa = PBXFrameworksBuildPhase;
			buildActionMask = 2147483647;
			files = (
				B9E83400C36975B77B63AB59 /* Pods_CJWPayUtilsTests.framework in Frameworks */,
			);
			runOnlyForDeploymentPostprocessing = 0;
		};
/* End PBXFrameworksBuildPhase section */

/* Begin PBXGroup section */
		010201BA1D6434730079835F = {
			isa = PBXGroup;
			children = (
				010201FA1D6434C00079835F /* libz.tbd */,
				010201F81D6434BC0079835F /* libc++.tbd */,
				010201F61D6434B40079835F /* CoreMotion.framework */,
				010201F41D6434B00079835F /* CFNetwork.framework */,
				010201F21D6434A90079835F /* SystemConfiguration.framework */,
				010201F01D6434A30079835F /* CoreTelephony.framework */,
				010201EE1D64349D0079835F /* QuartzCore.framework */,
				010201EC1D6434940079835F /* CoreText.framework */,
				010201EA1D64348C0079835F /* CoreGraphics.framework */,
				010201E81D6434870079835F /* UIKit.framework */,
				010201E61D6434820079835F /* Foundation.framework */,
				010201C51D6434730079835F /* CJWPayUtils */,
				010201DA1D6434730079835F /* CJWPayUtilsTests */,
				010201C41D6434730079835F /* Products */,
				9EFC4C5A32670498E7D68CE5 /* Pods */,
				016E93DB9C1D6F6454209D85 /* Frameworks */,
			);
			sourceTree = "<group>";
		};
		010201C41D6434730079835F /* Products */ = {
			isa = PBXGroup;
			children = (
				010201C31D6434730079835F /* CJWPayUtils.app */,
				010201D71D6434730079835F /* CJWPayUtilsTests.xctest */,
			);
			name = Products;
			sourceTree = "<group>";
		};
		010201C51D6434730079835F /* CJWPayUtils */ = {
			isa = PBXGroup;
			children = (
				01662FF01D91316D00F0898F /* AliLib */,
				010201FD1D6434E60079835F /* AlipaySDK.bundle */,
				01014EE01D644BB40035131D /* CJWPayUtils.h */,
				01014EE11D644BB40035131D /* CJWPayUtils.m */,
				010A02D51D65A9B90064BF15 /* CJWPayOrder.h */,
				010A02D61D65A9B90064BF15 /* CJWPayOrder.m */,
				016630001D9136CF00F0898F /* Order.h */,
				016630011D9136CF00F0898F /* Order.m */,
				01C920D21DBA0D6900964A77 /* openssl */,
				01C9206A1DBA0C2400964A77 /* base64.h */,
				01C9206B1DBA0C2400964A77 /* base64.m */,
				01C9206C1DBA0C2400964A77 /* config.h */,
				01C9206D1DBA0C2400964A77 /* DataSigner.h */,
				01C9206E1DBA0C2400964A77 /* DataSigner.m */,
				01C9206F1DBA0C2400964A77 /* DataVerifier.h */,
				01C920701DBA0C2400964A77 /* DataVerifier.m */,
				01C920711DBA0C2400964A77 /* MD5DataSigner.h */,
				01C920721DBA0C2400964A77 /* MD5DataSigner.m */,
				01C920731DBA0C2400964A77 /* NSDataEx.h */,
				01C920741DBA0C2400964A77 /* NSDataEx.m */,
				01C920751DBA0C2400964A77 /* openssl_wrapper.h */,
				01C920761DBA0C2400964A77 /* openssl_wrapper.m */,
				01C920771DBA0C2400964A77 /* RSADataSigner.h */,
				01C920781DBA0C2400964A77 /* RSADataSigner.m */,
				01C920791DBA0C2400964A77 /* RSADataVerifier.h */,
				01C9207A1DBA0C2400964A77 /* RSADataVerifier.m */,
				01C9207B1DBA0C2400964A77 /* UPPayPlugin.h */,
				01C9207C1DBA0C2400964A77 /* UPPayPluginDelegate.h */,
				01C9207D1DBA0C2400964A77 /* UPPayPluginPro.h */,
				0171141D1D65677B00FD7E18 /* libcrypto.a */,
				0171141E1D65677B00FD7E18 /* libssl.a */,
				010A02D81D6AA2A30064BF15 /* libWeChatSDK.a */,
				010A02D91D6AA2A30064BF15 /* WXApi.h */,
				010A02DA1D6AA2A30064BF15 /* WXApiObject.h */,
				010201C61D6434730079835F /* AppDelegate.swift */,
				010201C81D6434730079835F /* ViewController.swift */,
				01662FFA1D91354200F0898F /* CJWAliOrder.h */,
				01662FFB1D91354200F0898F /* CJWAliOrder.m */,
				010201CA1D6434730079835F /* Main.storyboard */,
				010201CD1D6434730079835F /* Assets.xcassets */,
				010201CF1D6434730079835F /* LaunchScreen.storyboard */,
				010201D21D6434730079835F /* Info.plist */,
				010201FC1D6434E40079835F /* CJWPayUtils-Bridging-Header.h */,
			);
			path = CJWPayUtils;
			sourceTree = "<group>";
		};
		010201DA1D6434730079835F /* CJWPayUtilsTests */ = {
			isa = PBXGroup;
			children = (
				010201DB1D6434730079835F /* CJWPayUtilsTests.swift */,
				010201DD1D6434730079835F /* Info.plist */,
			);
			path = CJWPayUtilsTests;
			sourceTree = "<group>";
		};
		01662FF01D91316D00F0898F /* AliLib */ = {
			isa = PBXGroup;
			children = (
				01662FF11D91316D00F0898F /* AlipaySDK.framework */,
			);
			path = AliLib;
			sourceTree = "<group>";
		};
		016E93DB9C1D6F6454209D85 /* Frameworks */ = {
			isa = PBXGroup;
			children = (
				010A02DC1D6AA2ED0064BF15 /* libsqlite3.0.tbd */,
				03BF11629830AB15D51545CE /* Pods_CJWPayUtils.framework */,
				D59E448CBE3C01ED21872F6C /* Pods_CJWPayUtilsTests.framework */,
			);
			name = Frameworks;
			sourceTree = "<group>";
		};
		01C920D21DBA0D6900964A77 /* openssl */ = {
			isa = PBXGroup;
			children = (
				01C920D31DBA0D6900964A77 /* aes.h */,
				01C920D41DBA0D6900964A77 /* asn1.h */,
				01C920D51DBA0D6900964A77 /* asn1_mac.h */,
				01C920D61DBA0D6900964A77 /* asn1t.h */,
				01C920D71DBA0D6900964A77 /* bio.h */,
				01C920D81DBA0D6900964A77 /* blowfish.h */,
				01C920D91DBA0D6900964A77 /* bn.h */,
				01C920DA1DBA0D6900964A77 /* buffer.h */,
				01C920DB1DBA0D6900964A77 /* camellia.h */,
				01C920DC1DBA0D6900964A77 /* cast.h */,
				01C920DD1DBA0D6900964A77 /* cmac.h */,
				01C920DE1DBA0D6900964A77 /* cms.h */,
				01C920DF1DBA0D6900964A77 /* comp.h */,
				01C920E01DBA0D6900964A77 /* conf.h */,
				01C920E11DBA0D6900964A77 /* conf_api.h */,
				01C920E21DBA0D6900964A77 /* crypto.h */,
				01C920E31DBA0D6900964A77 /* des.h */,
				01C920E41DBA0D6900964A77 /* des_old.h */,
				01C920E51DBA0D6900964A77 /* dh.h */,
				01C920E61DBA0D6900964A77 /* dsa.h */,
				01C920E71DBA0D6900964A77 /* dso.h */,
				01C920E81DBA0D6900964A77 /* dtls1.h */,
				01C920E91DBA0D6900964A77 /* e_os2.h */,
				01C920EA1DBA0D6900964A77 /* ebcdic.h */,
				01C920EB1DBA0D6900964A77 /* ec.h */,
				01C920EC1DBA0D6900964A77 /* ecdh.h */,
				01C920ED1DBA0D6900964A77 /* ecdsa.h */,
				01C920EE1DBA0D6900964A77 /* engine.h */,
				01C920EF1DBA0D6900964A77 /* err.h */,
				01C920F01DBA0D6900964A77 /* evp.h */,
				01C920F11DBA0D6900964A77 /* hmac.h */,
				01C920F21DBA0D6900964A77 /* idea.h */,
				01C920F31DBA0D6900964A77 /* krb5_asn.h */,
				01C920F41DBA0D6900964A77 /* kssl.h */,
				01C920F51DBA0D6900964A77 /* lhash.h */,
				01C920F61DBA0D6900964A77 /* md4.h */,
				01C920F71DBA0D6900964A77 /* md5.h */,
				01C920F81DBA0D6900964A77 /* mdc2.h */,
				01C920F91DBA0D6900964A77 /* modes.h */,
				01C920FA1DBA0D6900964A77 /* obj_mac.h */,
				01C920FB1DBA0D6900964A77 /* objects.h */,
				01C920FC1DBA0D6900964A77 /* ocsp.h */,
				01C920FD1DBA0D6900964A77 /* opensslconf.h */,
				01C920FE1DBA0D6900964A77 /* opensslv.h */,
				01C920FF1DBA0D6900964A77 /* ossl_typ.h */,
				01C921001DBA0D6900964A77 /* pem.h */,
				01C921011DBA0D6900964A77 /* pem2.h */,
				01C921021DBA0D6900964A77 /* pkcs12.h */,
				01C921031DBA0D6900964A77 /* pkcs7.h */,
				01C921041DBA0D6900964A77 /* pqueue.h */,
				01C921051DBA0D6900964A77 /* rand.h */,
				01C921061DBA0D6900964A77 /* rc2.h */,
				01C921071DBA0D6900964A77 /* rc4.h */,
				01C921081DBA0D6900964A77 /* ripemd.h */,
				01C921091DBA0D6900964A77 /* rsa.h */,
				01C9210A1DBA0D6900964A77 /* safestack.h */,
				01C9210B1DBA0D6900964A77 /* seed.h */,
				01C9210C1DBA0D6900964A77 /* sha.h */,
				01C9210D1DBA0D6900964A77 /* srp.h */,
				01C9210E1DBA0D6900964A77 /* srtp.h */,
				01C9210F1DBA0D6900964A77 /* ssl.h */,
				01C921101DBA0D6900964A77 /* ssl2.h */,
				01C921111DBA0D6900964A77 /* ssl23.h */,
				01C921121DBA0D6900964A77 /* ssl3.h */,
				01C921131DBA0D6900964A77 /* stack.h */,
				01C921141DBA0D6900964A77 /* symhacks.h */,
				01C921151DBA0D6900964A77 /* tls1.h */,
				01C921161DBA0D6900964A77 /* ts.h */,
				01C921171DBA0D6900964A77 /* txt_db.h */,
				01C921181DBA0D6900964A77 /* ui.h */,
				01C921191DBA0D6900964A77 /* ui_compat.h */,
				01C9211A1DBA0D6900964A77 /* whrlpool.h */,
				01C9211B1DBA0D6900964A77 /* x509.h */,
				01C9211C1DBA0D6900964A77 /* x509_vfy.h */,
				01C9211D1DBA0D6900964A77 /* x509v3.h */,
			);
			path = openssl;
			sourceTree = "<group>";
		};
		9EFC4C5A32670498E7D68CE5 /* Pods */ = {
			isa = PBXGroup;
			children = (
				E62EFAC1E0C07B63EECA6A9B /* Pods-CJWPayUtils.debug.xcconfig */,
				B200F2DDAF4D593DD0463746 /* Pods-CJWPayUtils.release.xcconfig */,
				D435251FAD7FB48C0F50C009 /* Pods-CJWPayUtilsTests.debug.xcconfig */,
				41856ACADE2B67511BC10CA0 /* Pods-CJWPayUtilsTests.release.xcconfig */,
			);
			name = Pods;
			sourceTree = "<group>";
		};
/* End PBXGroup section */

/* Begin PBXNativeTarget section */
		010201C21D6434730079835F /* CJWPayUtils */ = {
			isa = PBXNativeTarget;
			buildConfigurationList = 010201E01D6434730079835F /* Build configuration list for PBXNativeTarget "CJWPayUtils" */;
			buildPhases = (
				3DB04238F0FBE9A8DBB4A9CA /* 📦 Check Pods Manifest.lock */,
				010201BF1D6434730079835F /* Sources */,
				010201C01D6434730079835F /* Frameworks */,
				010201C11D6434730079835F /* Resources */,
				1FB026321BD03C2330C324E2 /* 📦 Embed Pods Frameworks */,
				0ABE4862DBAF8EF6CC9FB705 /* 📦 Copy Pods Resources */,
			);
			buildRules = (
			);
			dependencies = (
			);
			name = CJWPayUtils;
			productName = CJWPayUtils;
			productReference = 010201C31D6434730079835F /* CJWPayUtils.app */;
			productType = "com.apple.product-type.application";
		};
		010201D61D6434730079835F /* CJWPayUtilsTests */ = {
			isa = PBXNativeTarget;
			buildConfigurationList = 010201E31D6434730079835F /* Build configuration list for PBXNativeTarget "CJWPayUtilsTests" */;
			buildPhases = (
				DFD750A522CF2BA2461FC5F6 /* 📦 Check Pods Manifest.lock */,
				010201D31D6434730079835F /* Sources */,
				010201D41D6434730079835F /* Frameworks */,
				010201D51D6434730079835F /* Resources */,
				C6115D93F72EFD923CE8D3CA /* 📦 Embed Pods Frameworks */,
				078615231D15FFD64C0F223B /* 📦 Copy Pods Resources */,
			);
			buildRules = (
			);
			dependencies = (
				010201D91D6434730079835F /* PBXTargetDependency */,
			);
			name = CJWPayUtilsTests;
			productName = CJWPayUtilsTests;
			productReference = 010201D71D6434730079835F /* CJWPayUtilsTests.xctest */;
			productType = "com.apple.product-type.bundle.unit-test";
		};
/* End PBXNativeTarget section */

/* Begin PBXProject section */
		010201BB1D6434730079835F /* Project object */ = {
			isa = PBXProject;
			attributes = {
				LastSwiftUpdateCheck = 0730;
				LastUpgradeCheck = 0730;
				ORGANIZATIONNAME = Frank;
				TargetAttributes = {
					010201C21D6434730079835F = {
						CreatedOnToolsVersion = 7.3.1;
					};
					010201D61D6434730079835F = {
						CreatedOnToolsVersion = 7.3.1;
						TestTargetID = 010201C21D6434730079835F;
					};
				};
			};
			buildConfigurationList = 010201BE1D6434730079835F /* Build configuration list for PBXProject "CJWPayUtils" */;
			compatibilityVersion = "Xcode 3.2";
			developmentRegion = English;
			hasScannedForEncodings = 0;
			knownRegions = (
				en,
				Base,
			);
			mainGroup = 010201BA1D6434730079835F;
			productRefGroup = 010201C41D6434730079835F /* Products */;
			projectDirPath = "";
			projectRoot = "";
			targets = (
				010201C21D6434730079835F /* CJWPayUtils */,
				010201D61D6434730079835F /* CJWPayUtilsTests */,
			);
		};
/* End PBXProject section */

/* Begin PBXResourcesBuildPhase section */
		010201C11D6434730079835F /* Resources */ = {
			isa = PBXResourcesBuildPhase;
			buildActionMask = 2147483647;
			files = (
				010201D11D6434730079835F /* LaunchScreen.storyboard in Resources */,
				010201CE1D6434730079835F /* Assets.xcassets in Resources */,
				010202611D6434E60079835F /* AlipaySDK.bundle in Resources */,
				010201CC1D6434730079835F /* Main.storyboard in Resources */,
			);
			runOnlyForDeploymentPostprocessing = 0;
		};
		010201D51D6434730079835F /* Resources */ = {
			isa = PBXResourcesBuildPhase;
			buildActionMask = 2147483647;
			files = (
			);
			runOnlyForDeploymentPostprocessing = 0;
		};
/* End PBXResourcesBuildPhase section */

/* Begin PBXShellScriptBuildPhase section */
		078615231D15FFD64C0F223B /* 📦 Copy Pods Resources */ = {
			isa = PBXShellScriptBuildPhase;
			buildActionMask = 2147483647;
			files = (
			);
			inputPaths = (
			);
			name = "📦 Copy Pods Resources";
			outputPaths = (
			);
			runOnlyForDeploymentPostprocessing = 0;
			shellPath = /bin/sh;
			shellScript = "\"${SRCROOT}/Pods/Target Support Files/Pods-CJWPayUtilsTests/Pods-CJWPayUtilsTests-resources.sh\"\n";
			showEnvVarsInLog = 0;
		};
		0ABE4862DBAF8EF6CC9FB705 /* 📦 Copy Pods Resources */ = {
			isa = PBXShellScriptBuildPhase;
			buildActionMask = 2147483647;
			files = (
			);
			inputPaths = (
			);
			name = "📦 Copy Pods Resources";
			outputPaths = (
			);
			runOnlyForDeploymentPostprocessing = 0;
			shellPath = /bin/sh;
			shellScript = "\"${SRCROOT}/Pods/Target Support Files/Pods-CJWPayUtils/Pods-CJWPayUtils-resources.sh\"\n";
			showEnvVarsInLog = 0;
		};
		1FB026321BD03C2330C324E2 /* 📦 Embed Pods Frameworks */ = {
			isa = PBXShellScriptBuildPhase;
			buildActionMask = 2147483647;
			files = (
			);
			inputPaths = (
			);
			name = "📦 Embed Pods Frameworks";
			outputPaths = (
			);
			runOnlyForDeploymentPostprocessing = 0;
			shellPath = /bin/sh;
			shellScript = "\"${SRCROOT}/Pods/Target Support Files/Pods-CJWPayUtils/Pods-CJWPayUtils-frameworks.sh\"\n";
			showEnvVarsInLog = 0;
		};
		3DB04238F0FBE9A8DBB4A9CA /* 📦 Check Pods Manifest.lock */ = {
			isa = PBXShellScriptBuildPhase;
			buildActionMask = 2147483647;
			files = (
			);
			inputPaths = (
			);
			name = "📦 Check Pods Manifest.lock";
			outputPaths = (
			);
			runOnlyForDeploymentPostprocessing = 0;
			shellPath = /bin/sh;
			shellScript = "diff \"${PODS_ROOT}/../Podfile.lock\" \"${PODS_ROOT}/Manifest.lock\" > /dev/null\nif [[ $? != 0 ]] ; then\n    cat << EOM\nerror: The sandbox is not in sync with the Podfile.lock. Run 'pod install' or update your CocoaPods installation.\nEOM\n    exit 1\nfi\n";
			showEnvVarsInLog = 0;
		};
		C6115D93F72EFD923CE8D3CA /* 📦 Embed Pods Frameworks */ = {
			isa = PBXShellScriptBuildPhase;
			buildActionMask = 2147483647;
			files = (
			);
			inputPaths = (
			);
			name = "📦 Embed Pods Frameworks";
			outputPaths = (
			);
			runOnlyForDeploymentPostprocessing = 0;
			shellPath = /bin/sh;
			shellScript = "\"${SRCROOT}/Pods/Target Support Files/Pods-CJWPayUtilsTests/Pods-CJWPayUtilsTests-frameworks.sh\"\n";
			showEnvVarsInLog = 0;
		};
		DFD750A522CF2BA2461FC5F6 /* 📦 Check Pods Manifest.lock */ = {
			isa = PBXShellScriptBuildPhase;
			buildActionMask = 2147483647;
			files = (
			);
			inputPaths = (
			);
			name = "📦 Check Pods Manifest.lock";
			outputPaths = (
			);
			runOnlyForDeploymentPostprocessing = 0;
			shellPath = /bin/sh;
			shellScript = "diff \"${PODS_ROOT}/../Podfile.lock\" \"${PODS_ROOT}/Manifest.lock\" > /dev/null\nif [[ $? != 0 ]] ; then\n    cat << EOM\nerror: The sandbox is not in sync with the Podfile.lock. Run 'pod install' or update your CocoaPods installation.\nEOM\n    exit 1\nfi\n";
			showEnvVarsInLog = 0;
		};
/* End PBXShellScriptBuildPhase section */

/* Begin PBXSourcesBuildPhase section */
		010201BF1D6434730079835F /* Sources */ = {
			isa = PBXSourcesBuildPhase;
			buildActionMask = 2147483647;
			files = (
				01C920841DBA0C2400964A77 /* RSADataSigner.m in Sources */,
				01C920811DBA0C2400964A77 /* MD5DataSigner.m in Sources */,
				01C920801DBA0C2400964A77 /* DataVerifier.m in Sources */,
				01662FFC1D91354200F0898F /* CJWAliOrder.m in Sources */,
				01C9207F1DBA0C2400964A77 /* DataSigner.m in Sources */,
				01C920821DBA0C2400964A77 /* NSDataEx.m in Sources */,
				016630021D9136CF00F0898F /* Order.m in Sources */,
				01014EE21D644BB40035131D /* CJWPayUtils.m in Sources */,
				01C9207E1DBA0C2400964A77 /* base64.m in Sources */,
				01C920831DBA0C2400964A77 /* openssl_wrapper.m in Sources */,
				01C920851DBA0C2400964A77 /* RSADataVerifier.m in Sources */,
				010201C91D6434730079835F /* ViewController.swift in Sources */,
				010201C71D6434730079835F /* AppDelegate.swift in Sources */,
				010A02D71D65A9B90064BF15 /* CJWPayOrder.m in Sources */,
			);
			runOnlyForDeploymentPostprocessing = 0;
		};
		010201D31D6434730079835F /* Sources */ = {
			isa = PBXSourcesBuildPhase;
			buildActionMask = 2147483647;
			files = (
				010201DC1D6434730079835F /* CJWPayUtilsTests.swift in Sources */,
			);
			runOnlyForDeploymentPostprocessing = 0;
		};
/* End PBXSourcesBuildPhase section */

/* Begin PBXTargetDependency section */
		010201D91D6434730079835F /* PBXTargetDependency */ = {
			isa = PBXTargetDependency;
			target = 010201C21D6434730079835F /* CJWPayUtils */;
			targetProxy = 010201D81D6434730079835F /* PBXContainerItemProxy */;
		};
/* End PBXTargetDependency section */

/* Begin PBXVariantGroup section */
		010201CA1D6434730079835F /* Main.storyboard */ = {
			isa = PBXVariantGroup;
			children = (
				010201CB1D6434730079835F /* Base */,
			);
			name = Main.storyboard;
			sourceTree = "<group>";
		};
		010201CF1D6434730079835F /* LaunchScreen.storyboard */ = {
			isa = PBXVariantGroup;
			children = (
				010201D01D6434730079835F /* Base */,
			);
			name = LaunchScreen.storyboard;
			sourceTree = "<group>";
		};
/* End PBXVariantGroup section */

/* Begin XCBuildConfiguration section */
		010201DE1D6434730079835F /* Debug */ = {
			isa = XCBuildConfiguration;
			buildSettings = {
				ALWAYS_SEARCH_USER_PATHS = NO;
				CLANG_ANALYZER_NONNULL = YES;
				CLANG_CXX_LANGUAGE_STANDARD = "gnu++0x";
				CLANG_CXX_LIBRARY = "libc++";
				CLANG_ENABLE_MODULES = YES;
				CLANG_ENABLE_OBJC_ARC = YES;
				CLANG_WARN_BOOL_CONVERSION = YES;
				CLANG_WARN_CONSTANT_CONVERSION = YES;
				CLANG_WARN_DIRECT_OBJC_ISA_USAGE = YES_ERROR;
				CLANG_WARN_EMPTY_BODY = YES;
				CLANG_WARN_ENUM_CONVERSION = YES;
				CLANG_WARN_INT_CONVERSION = YES;
				CLANG_WARN_OBJC_ROOT_CLASS = YES_ERROR;
				CLANG_WARN_UNREACHABLE_CODE = YES;
				CLANG_WARN__DUPLICATE_METHOD_MATCH = YES;
				"CODE_SIGN_IDENTITY[sdk=iphoneos*]" = "iPhone Developer";
				COPY_PHASE_STRIP = NO;
				DEBUG_INFORMATION_FORMAT = dwarf;
				ENABLE_STRICT_OBJC_MSGSEND = YES;
				ENABLE_TESTABILITY = YES;
				GCC_C_LANGUAGE_STANDARD = gnu99;
				GCC_DYNAMIC_NO_PIC = NO;
				GCC_NO_COMMON_BLOCKS = YES;
				GCC_OPTIMIZATION_LEVEL = 0;
				GCC_PREPROCESSOR_DEFINITIONS = (
					"DEBUG=1",
					"$(inherited)",
				);
				GCC_WARN_64_TO_32_BIT_CONVERSION = YES;
				GCC_WARN_ABOUT_RETURN_TYPE = YES_ERROR;
				GCC_WARN_UNDECLARED_SELECTOR = YES;
				GCC_WARN_UNINITIALIZED_AUTOS = YES_AGGRESSIVE;
				GCC_WARN_UNUSED_FUNCTION = YES;
				GCC_WARN_UNUSED_VARIABLE = YES;
				IPHONEOS_DEPLOYMENT_TARGET = 9.3;
				MTL_ENABLE_DEBUG_INFO = YES;
				ONLY_ACTIVE_ARCH = YES;
				SDKROOT = iphoneos;
				SWIFT_OPTIMIZATION_LEVEL = "-Onone";
			};
			name = Debug;
		};
		010201DF1D6434730079835F /* Release */ = {
			isa = XCBuildConfiguration;
			buildSettings = {
				ALWAYS_SEARCH_USER_PATHS = NO;
				CLANG_ANALYZER_NONNULL = YES;
				CLANG_CXX_LANGUAGE_STANDARD = "gnu++0x";
				CLANG_CXX_LIBRARY = "libc++";
				CLANG_ENABLE_MODULES = YES;
				CLANG_ENABLE_OBJC_ARC = YES;
				CLANG_WARN_BOOL_CONVERSION = YES;
				CLANG_WARN_CONSTANT_CONVERSION = YES;
				CLANG_WARN_DIRECT_OBJC_ISA_USAGE = YES_ERROR;
				CLANG_WARN_EMPTY_BODY = YES;
				CLANG_WARN_ENUM_CONVERSION = YES;
				CLANG_WARN_INT_CONVERSION = YES;
				CLANG_WARN_OBJC_ROOT_CLASS = YES_ERROR;
				CLANG_WARN_UNREACHABLE_CODE = YES;
				CLANG_WARN__DUPLICATE_METHOD_MATCH = YES;
				"CODE_SIGN_IDENTITY[sdk=iphoneos*]" = "iPhone Developer";
				COPY_PHASE_STRIP = NO;
				DEBUG_INFORMATION_FORMAT = "dwarf-with-dsym";
				ENABLE_NS_ASSERTIONS = NO;
				ENABLE_STRICT_OBJC_MSGSEND = YES;
				GCC_C_LANGUAGE_STANDARD = gnu99;
				GCC_NO_COMMON_BLOCKS = YES;
				GCC_WARN_64_TO_32_BIT_CONVERSION = YES;
				GCC_WARN_ABOUT_RETURN_TYPE = YES_ERROR;
				GCC_WARN_UNDECLARED_SELECTOR = YES;
				GCC_WARN_UNINITIALIZED_AUTOS = YES_AGGRESSIVE;
				GCC_WARN_UNUSED_FUNCTION = YES;
				GCC_WARN_UNUSED_VARIABLE = YES;
				IPHONEOS_DEPLOYMENT_TARGET = 9.3;
				MTL_ENABLE_DEBUG_INFO = NO;
				SDKROOT = iphoneos;
				VALIDATE_PRODUCT = YES;
			};
			name = Release;
		};
		010201E11D6434730079835F /* Debug */ = {
			isa = XCBuildConfiguration;
			baseConfigurationReference = E62EFAC1E0C07B63EECA6A9B /* Pods-CJWPayUtils.debug.xcconfig */;
			buildSettings = {
				ASSETCATALOG_COMPILER_APPICON_NAME = AppIcon;
				CLANG_ENABLE_MODULES = YES;
				ENABLE_BITCODE = NO;
				FRAMEWORK_SEARCH_PATHS = (
					"$(inherited)",
					"$(PROJECT_DIR)/CJWPayUtils",
					"$(PROJECT_DIR)/CJWPayUtils/AliLib",
				);
				INFOPLIST_FILE = CJWPayUtils/Info.plist;
				IPHONEOS_DEPLOYMENT_TARGET = 8.0;
				LD_RUNPATH_SEARCH_PATHS = "$(inherited) @executable_path/Frameworks";
				LIBRARY_SEARCH_PATHS = (
					"$(inherited)",
					"$(PROJECT_DIR)/CJWPayUtils",
				);
				ONLY_ACTIVE_ARCH = YES;
				OTHER_LDFLAGS = (
					"$(inherited)",
					"-ObjC",
					"-all_load",
				);
				PRODUCT_BUNDLE_IDENTIFIER = com.cenjiawen.app.CJWPayUtils;
				PRODUCT_NAME = "$(TARGET_NAME)";
				SWIFT_OBJC_BRIDGING_HEADER = "CJWPayUtils/CJWPayUtils-Bridging-Header.h";
				SWIFT_OPTIMIZATION_LEVEL = "-Onone";
			};
			name = Debug;
		};
		010201E21D6434730079835F /* Release */ = {
			isa = XCBuildConfiguration;
			baseConfigurationReference = B200F2DDAF4D593DD0463746 /* Pods-CJWPayUtils.release.xcconfig */;
			buildSettings = {
				ASSETCATALOG_COMPILER_APPICON_NAME = AppIcon;
				CLANG_ENABLE_MODULES = YES;
				ENABLE_BITCODE = NO;
				FRAMEWORK_SEARCH_PATHS = (
					"$(inherited)",
					"$(PROJECT_DIR)/CJWPayUtils",
					"$(PROJECT_DIR)/CJWPayUtils/AliLib",
				);
				INFOPLIST_FILE = CJWPayUtils/Info.plist;
				IPHONEOS_DEPLOYMENT_TARGET = 8.0;
				LD_RUNPATH_SEARCH_PATHS = "$(inherited) @executable_path/Frameworks";
				LIBRARY_SEARCH_PATHS = (
					"$(inherited)",
					"$(PROJECT_DIR)/CJWPayUtils",
				);
				ONLY_ACTIVE_ARCH = YES;
				OTHER_LDFLAGS = (
					"$(inherited)",
					"-ObjC",
					"-all_load",
				);
				PRODUCT_BUNDLE_IDENTIFIER = com.cenjiawen.app.CJWPayUtils;
				PRODUCT_NAME = "$(TARGET_NAME)";
				SWIFT_OBJC_BRIDGING_HEADER = "CJWPayUtils/CJWPayUtils-Bridging-Header.h";
			};
			name = Release;
		};
		010201E41D6434730079835F /* Debug */ = {
			isa = XCBuildConfiguration;
			baseConfigurationReference = D435251FAD7FB48C0F50C009 /* Pods-CJWPayUtilsTests.debug.xcconfig */;
			buildSettings = {
				BUNDLE_LOADER = "$(TEST_HOST)";
				INFOPLIST_FILE = CJWPayUtilsTests/Info.plist;
				LD_RUNPATH_SEARCH_PATHS = "$(inherited) @executable_path/Frameworks @loader_path/Frameworks";
				PRODUCT_BUNDLE_IDENTIFIER = com.cenjiawen.app.CJWPayUtilsTests;
				PRODUCT_NAME = "$(TARGET_NAME)";
				TEST_HOST = "$(BUILT_PRODUCTS_DIR)/CJWPayUtils.app/CJWPayUtils";
			};
			name = Debug;
		};
		010201E51D6434730079835F /* Release */ = {
			isa = XCBuildConfiguration;
			baseConfigurationReference = 41856ACADE2B67511BC10CA0 /* Pods-CJWPayUtilsTests.release.xcconfig */;
			buildSettings = {
				BUNDLE_LOADER = "$(TEST_HOST)";
				INFOPLIST_FILE = CJWPayUtilsTests/Info.plist;
				LD_RUNPATH_SEARCH_PATHS = "$(inherited) @executable_path/Frameworks @loader_path/Frameworks";
				PRODUCT_BUNDLE_IDENTIFIER = com.cenjiawen.app.CJWPayUtilsTests;
				PRODUCT_NAME = "$(TARGET_NAME)";
				TEST_HOST = "$(BUILT_PRODUCTS_DIR)/CJWPayUtils.app/CJWPayUtils";
			};
			name = Release;
		};
/* End XCBuildConfiguration section */

/* Begin XCConfigurationList section */
		010201BE1D6434730079835F /* Build configuration list for PBXProject "CJWPayUtils" */ = {
			isa = XCConfigurationList;
			buildConfigurations = (
				010201DE1D6434730079835F /* Debug */,
				010201DF1D6434730079835F /* Release */,
			);
			defaultConfigurationIsVisible = 0;
			defaultConfigurationName = Release;
		};
		010201E01D6434730079835F /* Build configuration list for PBXNativeTarget "CJWPayUtils" */ = {
			isa = XCConfigurationList;
			buildConfigurations = (
				010201E11D6434730079835F /* Debug */,
				010201E21D6434730079835F /* Release */,
			);
			defaultConfigurationIsVisible = 0;
			defaultConfigurationName = Release;
		};
		010201E31D6434730079835F /* Build configuration list for PBXNativeTarget "CJWPayUtilsTests" */ = {
			isa = XCConfigurationList;
			buildConfigurations = (
				010201E41D6434730079835F /* Debug */,
				010201E51D6434730079835F /* Release */,
			);
			defaultConfigurationIsVisible = 0;
			defaultConfigurationName = Release;
		};
/* End XCConfigurationList section */
	};
	rootObject = 010201BB1D6434730079835F /* Project object */;
}
